// !$*UTF8*$!
{
	archiveVersion = 1;
	classes = {
	};
	objectVersion = 46;
	objects = {

/* Begin PBXBuildFile section */
		54D1813A1EBAF25100330767 /* AppDelegate.swift in Sources */ = {isa = PBXBuildFile; fileRef = 54D181391EBAF25100330767 /* AppDelegate.swift */; };
		54D1813C1EBAF25100330767 /* ViewController.swift in Sources */ = {isa = PBXBuildFile; fileRef = 54D1813B1EBAF25100330767 /* ViewController.swift */; };
		54D1813F1EBAF25100330767 /* Main.storyboard in Resources */ = {isa = PBXBuildFile; fileRef = 54D1813D1EBAF25100330767 /* Main.storyboard */; };
		54D181411EBAF25100330767 /* Assets.xcassets in Resources */ = {isa = PBXBuildFile; fileRef = 54D181401EBAF25100330767 /* Assets.xcassets */; };
		54D181441EBAF25100330767 /* LaunchScreen.storyboard in Resources */ = {isa = PBXBuildFile; fileRef = 54D181421EBAF25100330767 /* LaunchScreen.storyboard */; };
		54D1814F1EBAF25100330767 /* BadgerClientTests.swift in Sources */ = {isa = PBXBuildFile; fileRef = 54D1814E1EBAF25100330767 /* BadgerClientTests.swift */; };
		54D1815A1EBAF25100330767 /* BadgerClientUITests.swift in Sources */ = {isa = PBXBuildFile; fileRef = 54D181591EBAF25100330767 /* BadgerClientUITests.swift */; };
		54D1816A1EBAF39200330767 /* SocketViewController.swift in Sources */ = {isa = PBXBuildFile; fileRef = 54D181681EBAF39200330767 /* SocketViewController.swift */; };
		54D1816B1EBAF39200330767 /* SocketViewController.xib in Resources */ = {isa = PBXBuildFile; fileRef = 54D181691EBAF39200330767 /* SocketViewController.xib */; };
		F3D1E54F1A78B7BF1A51CE34 /* Pods_BadgerClient.framework in Frameworks */ = {isa = PBXBuildFile; fileRef = B396665D31C0EF8C4BCF5504 /* Pods_BadgerClient.framework */; };
/* End PBXBuildFile section */

/* Begin PBXContainerItemProxy section */
		54D1814B1EBAF25100330767 /* PBXContainerItemProxy */ = {
			isa = PBXContainerItemProxy;
			containerPortal = 54D1812E1EBAF25100330767 /* Project object */;
			proxyType = 1;
			remoteGlobalIDString = 54D181351EBAF25100330767;
			remoteInfo = BadgerClient;
		};
		54D181561EBAF25100330767 /* PBXContainerItemProxy */ = {
			isa = PBXContainerItemProxy;
			containerPortal = 54D1812E1EBAF25100330767 /* Project object */;
			proxyType = 1;
			remoteGlobalIDString = 54D181351EBAF25100330767;
			remoteInfo = BadgerClient;
		};
/* End PBXContainerItemProxy section */

/* Begin PBXFileReference section */
		115B5260AED6C1B4DF25A5AA /* Pods-BadgerClient.release.xcconfig */ = {isa = PBXFileReference; includeInIndex = 1; lastKnownFileType = text.xcconfig; name = "Pods-BadgerClient.release.xcconfig"; path = "Pods/Target Support Files/Pods-BadgerClient/Pods-BadgerClient.release.xcconfig"; sourceTree = "<group>"; };
		54D181361EBAF25100330767 /* BadgerClient.app */ = {isa = PBXFileReference; explicitFileType = wrapper.application; includeInIndex = 0; path = BadgerClient.app; sourceTree = BUILT_PRODUCTS_DIR; };
		54D181391EBAF25100330767 /* AppDelegate.swift */ = {isa = PBXFileReference; lastKnownFileType = sourcecode.swift; path = AppDelegate.swift; sourceTree = "<group>"; };
		54D1813B1EBAF25100330767 /* ViewController.swift */ = {isa = PBXFileReference; lastKnownFileType = sourcecode.swift; path = ViewController.swift; sourceTree = "<group>"; };
		54D1813E1EBAF25100330767 /* Base */ = {isa = PBXFileReference; lastKnownFileType = file.storyboard; name = Base; path = Base.lproj/Main.storyboard; sourceTree = "<group>"; };
		54D181401EBAF25100330767 /* Assets.xcassets */ = {isa = PBXFileReference; lastKnownFileType = folder.assetcatalog; path = Assets.xcassets; sourceTree = "<group>"; };
		54D181431EBAF25100330767 /* Base */ = {isa = PBXFileReference; lastKnownFileType = file.storyboard; name = Base; path = Base.lproj/LaunchScreen.storyboard; sourceTree = "<group>"; };
		54D181451EBAF25100330767 /* Info.plist */ = {isa = PBXFileReference; lastKnownFileType = text.plist.xml; path = Info.plist; sourceTree = "<group>"; };
		54D1814A1EBAF25100330767 /* BadgerClientTests.xctest */ = {isa = PBXFileReference; explicitFileType = wrapper.cfbundle; includeInIndex = 0; path = BadgerClientTests.xctest; sourceTree = BUILT_PRODUCTS_DIR; };
		54D1814E1EBAF25100330767 /* BadgerClientTests.swift */ = {isa = PBXFileReference; lastKnownFileType = sourcecode.swift; path = BadgerClientTests.swift; sourceTree = "<group>"; };
		54D181501EBAF25100330767 /* Info.plist */ = {isa = PBXFileReference; lastKnownFileType = text.plist.xml; path = Info.plist; sourceTree = "<group>"; };
		54D181551EBAF25100330767 /* BadgerClientUITests.xctest */ = {isa = PBXFileReference; explicitFileType = wrapper.cfbundle; includeInIndex = 0; path = BadgerClientUITests.xctest; sourceTree = BUILT_PRODUCTS_DIR; };
		54D181591EBAF25100330767 /* BadgerClientUITests.swift */ = {isa = PBXFileReference; lastKnownFileType = sourcecode.swift; path = BadgerClientUITests.swift; sourceTree = "<group>"; };
		54D1815B1EBAF25100330767 /* Info.plist */ = {isa = PBXFileReference; lastKnownFileType = text.plist.xml; path = Info.plist; sourceTree = "<group>"; };
		54D181681EBAF39200330767 /* SocketViewController.swift */ = {isa = PBXFileReference; fileEncoding = 4; lastKnownFileType = sourcecode.swift; name = SocketViewController.swift; path = SocketViewController/SocketViewController.swift; sourceTree = "<group>"; };
		54D181691EBAF39200330767 /* SocketViewController.xib */ = {isa = PBXFileReference; fileEncoding = 4; lastKnownFileType = file.xib; name = SocketViewController.xib; path = SocketViewController/SocketViewController.xib; sourceTree = "<group>"; };
		B396665D31C0EF8C4BCF5504 /* Pods_BadgerClient.framework */ = {isa = PBXFileReference; explicitFileType = wrapper.framework; includeInIndex = 0; path = Pods_BadgerClient.framework; sourceTree = BUILT_PRODUCTS_DIR; };
		C36CEE0E7E5A46F40B47204A /* Pods-BadgerClient.debug.xcconfig */ = {isa = PBXFileReference; includeInIndex = 1; lastKnownFileType = text.xcconfig; name = "Pods-BadgerClient.debug.xcconfig"; path = "Pods/Target Support Files/Pods-BadgerClient/Pods-BadgerClient.debug.xcconfig"; sourceTree = "<group>"; };
/* End PBXFileReference section */

/* Begin PBXFrameworksBuildPhase section */
		54D181331EBAF25100330767 /* Frameworks */ = {
			isa = PBXFrameworksBuildPhase;
			buildActionMask = 2147483647;
			files = (
				F3D1E54F1A78B7BF1A51CE34 /* Pods_BadgerClient.framework in Frameworks */,
			);
			runOnlyForDeploymentPostprocessing = 0;
		};
		54D181471EBAF25100330767 /* Frameworks */ = {
			isa = PBXFrameworksBuildPhase;
			buildActionMask = 2147483647;
			files = (
			);
			runOnlyForDeploymentPostprocessing = 0;
		};
		54D181521EBAF25100330767 /* Frameworks */ = {
			isa = PBXFrameworksBuildPhase;
			buildActionMask = 2147483647;
			files = (
			);
			runOnlyForDeploymentPostprocessing = 0;
		};
/* End PBXFrameworksBuildPhase section */

/* Begin PBXGroup section */
		54D1812D1EBAF25100330767 = {
			isa = PBXGroup;
			children = (
				54D181381EBAF25100330767 /* BadgerClient */,
				54D1814D1EBAF25100330767 /* BadgerClientTests */,
				54D181581EBAF25100330767 /* BadgerClientUITests */,
				54D181371EBAF25100330767 /* Products */,
				C55DAB9A1E88D7D118A40104 /* Pods */,
				CAF07BEA784EDDEAC93F6A4B /* Frameworks */,
			);
			sourceTree = "<group>";
		};
		54D181371EBAF25100330767 /* Products */ = {
			isa = PBXGroup;
			children = (
				54D181361EBAF25100330767 /* BadgerClient.app */,
				54D1814A1EBAF25100330767 /* BadgerClientTests.xctest */,
				54D181551EBAF25100330767 /* BadgerClientUITests.xctest */,
			);
			name = Products;
			sourceTree = "<group>";
		};
		54D181381EBAF25100330767 /* BadgerClient */ = {
			isa = PBXGroup;
			children = (
				54D181671EBAF37A00330767 /* SocketViewController */,
				54D181391EBAF25100330767 /* AppDelegate.swift */,
				54D1813B1EBAF25100330767 /* ViewController.swift */,
				54D1813D1EBAF25100330767 /* Main.storyboard */,
				54D181401EBAF25100330767 /* Assets.xcassets */,
				54D181421EBAF25100330767 /* LaunchScreen.storyboard */,
				54D181451EBAF25100330767 /* Info.plist */,
			);
			path = BadgerClient;
			sourceTree = "<group>";
		};
		54D1814D1EBAF25100330767 /* BadgerClientTests */ = {
			isa = PBXGroup;
			children = (
				54D1814E1EBAF25100330767 /* BadgerClientTests.swift */,
				54D181501EBAF25100330767 /* Info.plist */,
			);
			path = BadgerClientTests;
			sourceTree = "<group>";
		};
		54D181581EBAF25100330767 /* BadgerClientUITests */ = {
			isa = PBXGroup;
			children = (
				54D181591EBAF25100330767 /* BadgerClientUITests.swift */,
				54D1815B1EBAF25100330767 /* Info.plist */,
			);
			path = BadgerClientUITests;
			sourceTree = "<group>";
		};
		54D181671EBAF37A00330767 /* SocketViewController */ = {
			isa = PBXGroup;
			children = (
				54D181681EBAF39200330767 /* SocketViewController.swift */,
				54D181691EBAF39200330767 /* SocketViewController.xib */,
			);
			name = SocketViewController;
			sourceTree = "<group>";
		};
		C55DAB9A1E88D7D118A40104 /* Pods */ = {
			isa = PBXGroup;
			children = (
				C36CEE0E7E5A46F40B47204A /* Pods-BadgerClient.debug.xcconfig */,
				115B5260AED6C1B4DF25A5AA /* Pods-BadgerClient.release.xcconfig */,
			);
			name = Pods;
			sourceTree = "<group>";
		};
		CAF07BEA784EDDEAC93F6A4B /* Frameworks */ = {
			isa = PBXGroup;
			children = (
				B396665D31C0EF8C4BCF5504 /* Pods_BadgerClient.framework */,
			);
			name = Frameworks;
			sourceTree = "<group>";
		};
/* End PBXGroup section */

/* Begin PBXNativeTarget section */
		54D181351EBAF25100330767 /* BadgerClient */ = {
			isa = PBXNativeTarget;
			buildConfigurationList = 54D1815E1EBAF25100330767 /* Build configuration list for PBXNativeTarget "BadgerClient" */;
			buildPhases = (
				A77D480E6A58AA6FCC06121C /* [CP] Check Pods Manifest.lock */,
				54D181321EBAF25100330767 /* Sources */,
				54D181331EBAF25100330767 /* Frameworks */,
				54D181341EBAF25100330767 /* Resources */,
				6FBF42D6F709599166FEA8B2 /* [CP] Embed Pods Frameworks */,
				FA6DA97E4C72BBF620EB263D /* [CP] Copy Pods Resources */,
			);
			buildRules = (
			);
			dependencies = (
			);
			name = BadgerClient;
			productName = BadgerClient;
			productReference = 54D181361EBAF25100330767 /* BadgerClient.app */;
			productType = "com.apple.product-type.application";
		};
		54D181491EBAF25100330767 /* BadgerClientTests */ = {
			isa = PBXNativeTarget;
			buildConfigurationList = 54D181611EBAF25100330767 /* Build configuration list for PBXNativeTarget "BadgerClientTests" */;
			buildPhases = (
				54D181461EBAF25100330767 /* Sources */,
				54D181471EBAF25100330767 /* Frameworks */,
				54D181481EBAF25100330767 /* Resources */,
			);
			buildRules = (
			);
			dependencies = (
				54D1814C1EBAF25100330767 /* PBXTargetDependency */,
			);
			name = BadgerClientTests;
			productName = BadgerClientTests;
			productReference = 54D1814A1EBAF25100330767 /* BadgerClientTests.xctest */;
			productType = "com.apple.product-type.bundle.unit-test";
		};
		54D181541EBAF25100330767 /* BadgerClientUITests */ = {
			isa = PBXNativeTarget;
			buildConfigurationList = 54D181641EBAF25100330767 /* Build configuration list for PBXNativeTarget "BadgerClientUITests" */;
			buildPhases = (
				54D181511EBAF25100330767 /* Sources */,
				54D181521EBAF25100330767 /* Frameworks */,
				54D181531EBAF25100330767 /* Resources */,
			);
			buildRules = (
			);
			dependencies = (
				54D181571EBAF25100330767 /* PBXTargetDependency */,
			);
			name = BadgerClientUITests;
			productName = BadgerClientUITests;
			productReference = 54D181551EBAF25100330767 /* BadgerClientUITests.xctest */;
			productType = "com.apple.product-type.bundle.ui-testing";
		};
/* End PBXNativeTarget section */

/* Begin PBXProject section */
		54D1812E1EBAF25100330767 /* Project object */ = {
			isa = PBXProject;
			attributes = {
				LastSwiftUpdateCheck = 0830;
				LastUpgradeCheck = 0830;
				ORGANIZATIONNAME = DoorDash;
				TargetAttributes = {
					54D181351EBAF25100330767 = {
						CreatedOnToolsVersion = 8.3.1;
						ProvisioningStyle = Automatic;
					};
					54D181491EBAF25100330767 = {
						CreatedOnToolsVersion = 8.3.1;
						ProvisioningStyle = Automatic;
						TestTargetID = 54D181351EBAF25100330767;
					};
					54D181541EBAF25100330767 = {
						CreatedOnToolsVersion = 8.3.1;
						ProvisioningStyle = Automatic;
						TestTargetID = 54D181351EBAF25100330767;
					};
				};
			};
			buildConfigurationList = 54D181311EBAF25100330767 /* Build configuration list for PBXProject "BadgerClient" */;
			compatibilityVersion = "Xcode 3.2";
			developmentRegion = English;
			hasScannedForEncodings = 0;
			knownRegions = (
				en,
				Base,
			);
			mainGroup = 54D1812D1EBAF25100330767;
			productRefGroup = 54D181371EBAF25100330767 /* Products */;
			projectDirPath = "";
			projectRoot = "";
			targets = (
				54D181351EBAF25100330767 /* BadgerClient */,
				54D181491EBAF25100330767 /* BadgerClientTests */,
				54D181541EBAF25100330767 /* BadgerClientUITests */,
			);
		};
/* End PBXProject section */

/* Begin PBXResourcesBuildPhase section */
		54D181341EBAF25100330767 /* Resources */ = {
			isa = PBXResourcesBuildPhase;
			buildActionMask = 2147483647;
			files = (
				54D181441EBAF25100330767 /* LaunchScreen.storyboard in Resources */,
				54D1816B1EBAF39200330767 /* SocketViewController.xib in Resources */,
				54D181411EBAF25100330767 /* Assets.xcassets in Resources */,
				54D1813F1EBAF25100330767 /* Main.storyboard in Resources */,
			);
			runOnlyForDeploymentPostprocessing = 0;
		};
		54D181481EBAF25100330767 /* Resources */ = {
			isa = PBXResourcesBuildPhase;
			buildActionMask = 2147483647;
			files = (
			);
			runOnlyForDeploymentPostprocessing = 0;
		};
		54D181531EBAF25100330767 /* Resources */ = {
			isa = PBXResourcesBuildPhase;
			buildActionMask = 2147483647;
			files = (
			);
			runOnlyForDeploymentPostprocessing = 0;
		};
/* End PBXResourcesBuildPhase section */

/* Begin PBXShellScriptBuildPhase section */
		6FBF42D6F709599166FEA8B2 /* [CP] Embed Pods Frameworks */ = {
			isa = PBXShellScriptBuildPhase;
			buildActionMask = 2147483647;
			files = (
			);
			inputPaths = (
			);
			name = "[CP] Embed Pods Frameworks";
			outputPaths = (
			);
			runOnlyForDeploymentPostprocessing = 0;
			shellPath = /bin/sh;
			shellScript = "\"${SRCROOT}/Pods/Target Support Files/Pods-BadgerClient/Pods-BadgerClient-frameworks.sh\"\n";
			showEnvVarsInLog = 0;
		};
		A77D480E6A58AA6FCC06121C /* [CP] Check Pods Manifest.lock */ = {
			isa = PBXShellScriptBuildPhase;
			buildActionMask = 2147483647;
			files = (
			);
			inputPaths = (
			);
			name = "[CP] Check Pods Manifest.lock";
			outputPaths = (
			);
			runOnlyForDeploymentPostprocessing = 0;
			shellPath = /bin/sh;
			shellScript = "diff \"${PODS_ROOT}/../Podfile.lock\" \"${PODS_ROOT}/Manifest.lock\" > /dev/null\nif [ $? != 0 ] ; then\n    # print error to STDERR\n    echo \"error: The sandbox is not in sync with the Podfile.lock. Run 'pod install' or update your CocoaPods installation.\" >&2\n    exit 1\nfi\n";
			showEnvVarsInLog = 0;
		};
		FA6DA97E4C72BBF620EB263D /* [CP] Copy Pods Resources */ = {
			isa = PBXShellScriptBuildPhase;
			buildActionMask = 2147483647;
			files = (
			);
			inputPaths = (
			);
			name = "[CP] Copy Pods Resources";
			outputPaths = (
			);
			runOnlyForDeploymentPostprocessing = 0;
			shellPath = /bin/sh;
			shellScript = "\"${SRCROOT}/Pods/Target Support Files/Pods-BadgerClient/Pods-BadgerClient-resources.sh\"\n";
			showEnvVarsInLog = 0;
		};
/* End PBXShellScriptBuildPhase section */

/* Begin PBXSourcesBuildPhase section */
		54D181321EBAF25100330767 /* Sources */ = {
			isa = PBXSourcesBuildPhase;
			buildActionMask = 2147483647;
			files = (
				54D1813C1EBAF25100330767 /* ViewController.swift in Sources */,
				54D1816A1EBAF39200330767 /* SocketViewController.swift in Sources */,
				54D1813A1EBAF25100330767 /* AppDelegate.swift in Sources */,
			);
			runOnlyForDeploymentPostprocessing = 0;
		};
		54D181461EBAF25100330767 /* Sources */ = {
			isa = PBXSourcesBuildPhase;
			buildActionMask = 2147483647;
			files = (
				54D1814F1EBAF25100330767 /* BadgerClientTests.swift in Sources */,
			);
			runOnlyForDeploymentPostprocessing = 0;
		};
		54D181511EBAF25100330767 /* Sources */ = {
			isa = PBXSourcesBuildPhase;
			buildActionMask = 2147483647;
			files = (
				54D1815A1EBAF25100330767 /* BadgerClientUITests.swift in Sources */,
			);
			runOnlyForDeploymentPostprocessing = 0;
		};
/* End PBXSourcesBuildPhase section */

/* Begin PBXTargetDependency section */
		54D1814C1EBAF25100330767 /* PBXTargetDependency */ = {
			isa = PBXTargetDependency;
			target = 54D181351EBAF25100330767 /* BadgerClient */;
			targetProxy = 54D1814B1EBAF25100330767 /* PBXContainerItemProxy */;
		};
		54D181571EBAF25100330767 /* PBXTargetDependency */ = {
			isa = PBXTargetDependency;
			target = 54D181351EBAF25100330767 /* BadgerClient */;
			targetProxy = 54D181561EBAF25100330767 /* PBXContainerItemProxy */;
		};
/* End PBXTargetDependency section */

/* Begin PBXVariantGroup section */
		54D1813D1EBAF25100330767 /* Main.storyboard */ = {
			isa = PBXVariantGroup;
			children = (
				54D1813E1EBAF25100330767 /* Base */,
			);
			name = Main.storyboard;
			sourceTree = "<group>";
		};
		54D181421EBAF25100330767 /* LaunchScreen.storyboard */ = {
			isa = PBXVariantGroup;
			children = (
				54D181431EBAF25100330767 /* Base */,
			);
			name = LaunchScreen.storyboard;
			sourceTree = "<group>";
		};
/* End PBXVariantGroup section */

/* Begin XCBuildConfiguration section */
		54D1815C1EBAF25100330767 /* Debug */ = {
			isa = XCBuildConfiguration;
			buildSettings = {
				ALWAYS_SEARCH_USER_PATHS = NO;
				CLANG_ANALYZER_NONNULL = YES;
				CLANG_ANALYZER_NUMBER_OBJECT_CONVERSION = YES_AGGRESSIVE;
				CLANG_CXX_LANGUAGE_STANDARD = "gnu++0x";
				CLANG_CXX_LIBRARY = "libc++";
				CLANG_ENABLE_MODULES = YES;
				CLANG_ENABLE_OBJC_ARC = YES;
				CLANG_WARN_BOOL_CONVERSION = YES;
				CLANG_WARN_CONSTANT_CONVERSION = YES;
				CLANG_WARN_DIRECT_OBJC_ISA_USAGE = YES_ERROR;
				CLANG_WARN_DOCUMENTATION_COMMENTS = YES;
				CLANG_WARN_EMPTY_BODY = YES;
				CLANG_WARN_ENUM_CONVERSION = YES;
				CLANG_WARN_INFINITE_RECURSION = YES;
				CLANG_WARN_INT_CONVERSION = YES;
				CLANG_WARN_OBJC_ROOT_CLASS = YES_ERROR;
				CLANG_WARN_SUSPICIOUS_MOVE = YES;
				CLANG_WARN_UNREACHABLE_CODE = YES;
				CLANG_WARN__DUPLICATE_METHOD_MATCH = YES;
				"CODE_SIGN_IDENTITY[sdk=iphoneos*]" = "iPhone Developer";
				COPY_PHASE_STRIP = NO;
				DEBUG_INFORMATION_FORMAT = dwarf;
				ENABLE_STRICT_OBJC_MSGSEND = YES;
				ENABLE_TESTABILITY = YES;
				GCC_C_LANGUAGE_STANDARD = gnu99;
				GCC_DYNAMIC_NO_PIC = NO;
				GCC_NO_COMMON_BLOCKS = YES;
				GCC_OPTIMIZATION_LEVEL = 0;
				GCC_PREPROCESSOR_DEFINITIONS = (
					"DEBUG=1",
					"$(inherited)",
				);
				GCC_WARN_64_TO_32_BIT_CONVERSION = YES;
				GCC_WARN_ABOUT_RETURN_TYPE = YES_ERROR;
				GCC_WARN_UNDECLARED_SELECTOR = YES;
				GCC_WARN_UNINITIALIZED_AUTOS = YES_AGGRESSIVE;
				GCC_WARN_UNUSED_FUNCTION = YES;
				GCC_WARN_UNUSED_VARIABLE = YES;
				IPHONEOS_DEPLOYMENT_TARGET = 10.3;
				MTL_ENABLE_DEBUG_INFO = YES;
				ONLY_ACTIVE_ARCH = YES;
				SDKROOT = iphoneos;
				SWIFT_ACTIVE_COMPILATION_CONDITIONS = DEBUG;
				SWIFT_OPTIMIZATION_LEVEL = "-Onone";
				TARGETED_DEVICE_FAMILY = "1,2";
			};
			name = Debug;
		};
		54D1815D1EBAF25100330767 /* Release */ = {
			isa = XCBuildConfiguration;
			buildSettings = {
				ALWAYS_SEARCH_USER_PATHS = NO;
				CLANG_ANALYZER_NONNULL = YES;
				CLANG_ANALYZER_NUMBER_OBJECT_CONVERSION = YES_AGGRESSIVE;
				CLANG_CXX_LANGUAGE_STANDARD = "gnu++0x";
				CLANG_CXX_LIBRARY = "libc++";
				CLANG_ENABLE_MODULES = YES;
				CLANG_ENABLE_OBJC_ARC = YES;
				CLANG_WARN_BOOL_CONVERSION = YES;
				CLANG_WARN_CONSTANT_CONVERSION = YES;
				CLANG_WARN_DIRECT_OBJC_ISA_USAGE = YES_ERROR;
				CLANG_WARN_DOCUMENTATION_COMMENTS = YES;
				CLANG_WARN_EMPTY_BODY = YES;
				CLANG_WARN_ENUM_CONVERSION = YES;
				CLANG_WARN_INFINITE_RECURSION = YES;
				CLANG_WARN_INT_CONVERSION = YES;
				CLANG_WARN_OBJC_ROOT_CLASS = YES_ERROR;
				CLANG_WARN_SUSPICIOUS_MOVE = YES;
				CLANG_WARN_UNREACHABLE_CODE = YES;
				CLANG_WARN__DUPLICATE_METHOD_MATCH = YES;
				"CODE_SIGN_IDENTITY[sdk=iphoneos*]" = "iPhone Developer";
				COPY_PHASE_STRIP = NO;
				DEBUG_INFORMATION_FORMAT = "dwarf-with-dsym";
				ENABLE_NS_ASSERTIONS = NO;
				ENABLE_STRICT_OBJC_MSGSEND = YES;
				GCC_C_LANGUAGE_STANDARD = gnu99;
				GCC_NO_COMMON_BLOCKS = YES;
				GCC_WARN_64_TO_32_BIT_CONVERSION = YES;
				GCC_WARN_ABOUT_RETURN_TYPE = YES_ERROR;
				GCC_WARN_UNDECLARED_SELECTOR = YES;
				GCC_WARN_UNINITIALIZED_AUTOS = YES_AGGRESSIVE;
				GCC_WARN_UNUSED_FUNCTION = YES;
				GCC_WARN_UNUSED_VARIABLE = YES;
				IPHONEOS_DEPLOYMENT_TARGET = 10.3;
				MTL_ENABLE_DEBUG_INFO = NO;
				SDKROOT = iphoneos;
				SWIFT_OPTIMIZATION_LEVEL = "-Owholemodule";
				TARGETED_DEVICE_FAMILY = "1,2";
				VALIDATE_PRODUCT = YES;
			};
			name = Release;
		};
		54D1815F1EBAF25100330767 /* Debug */ = {
			isa = XCBuildConfiguration;
			baseConfigurationReference = C36CEE0E7E5A46F40B47204A /* Pods-BadgerClient.debug.xcconfig */;
			buildSettings = {
				ASSETCATALOG_COMPILER_APPICON_NAME = AppIcon;
				INFOPLIST_FILE = BadgerClient/Info.plist;
				LD_RUNPATH_SEARCH_PATHS = "$(inherited) @executable_path/Frameworks";
				PRODUCT_BUNDLE_IDENTIFIER = com.dd.BadgerClient;
				PRODUCT_NAME = "$(TARGET_NAME)";
				SWIFT_VERSION = 3.0;
			};
			name = Debug;
		};
		54D181601EBAF25100330767 /* Release */ = {
			isa = XCBuildConfiguration;
			baseConfigurationReference = 115B5260AED6C1B4DF25A5AA /* Pods-BadgerClient.release.xcconfig */;
			buildSettings = {
				ASSETCATALOG_COMPILER_APPICON_NAME = AppIcon;
				INFOPLIST_FILE = BadgerClient/Info.plist;
				LD_RUNPATH_SEARCH_PATHS = "$(inherited) @executable_path/Frameworks";
				PRODUCT_BUNDLE_IDENTIFIER = com.dd.BadgerClient;
				PRODUCT_NAME = "$(TARGET_NAME)";
				SWIFT_VERSION = 3.0;
			};
			name = Release;
		};
		54D181621EBAF25100330767 /* Debug */ = {
			isa = XCBuildConfiguration;
			buildSettings = {
				ALWAYS_EMBED_SWIFT_STANDARD_LIBRARIES = YES;
				BUNDLE_LOADER = "$(TEST_HOST)";
				INFOPLIST_FILE = BadgerClientTests/Info.plist;
				LD_RUNPATH_SEARCH_PATHS = "$(inherited) @executable_path/Frameworks @loader_path/Frameworks";
				PRODUCT_BUNDLE_IDENTIFIER = com.dd.BadgerClientTests;
				PRODUCT_NAME = "$(TARGET_NAME)";
				SWIFT_VERSION = 3.0;
				TEST_HOST = "$(BUILT_PRODUCTS_DIR)/BadgerClient.app/BadgerClient";
			};
			name = Debug;
		};
		54D181631EBAF25100330767 /* Release */ = {
			isa = XCBuildConfiguration;
			buildSettings = {
				ALWAYS_EMBED_SWIFT_STANDARD_LIBRARIES = YES;
				BUNDLE_LOADER = "$(TEST_HOST)";
				INFOPLIST_FILE = BadgerClientTests/Info.plist;
				LD_RUNPATH_SEARCH_PATHS = "$(inherited) @executable_path/Frameworks @loader_path/Frameworks";
				PRODUCT_BUNDLE_IDENTIFIER = com.dd.BadgerClientTests;
				PRODUCT_NAME = "$(TARGET_NAME)";
				SWIFT_VERSION = 3.0;
				TEST_HOST = "$(BUILT_PRODUCTS_DIR)/BadgerClient.app/BadgerClient";
			};
			name = Release;
		};
		54D181651EBAF25100330767 /* Debug */ = {
			isa = XCBuildConfiguration;
			buildSettings = {
				ALWAYS_EMBED_SWIFT_STANDARD_LIBRARIES = YES;
				INFOPLIST_FILE = BadgerClientUITests/Info.plist;
				LD_RUNPATH_SEARCH_PATHS = "$(inherited) @executable_path/Frameworks @loader_path/Frameworks";
				PRODUCT_BUNDLE_IDENTIFIER = com.dd.BadgerClientUITests;
				PRODUCT_NAME = "$(TARGET_NAME)";
				SWIFT_VERSION = 3.0;
				TEST_TARGET_NAME = BadgerClient;
			};
			name = Debug;
		};
		54D181661EBAF25100330767 /* Release */ = {
			isa = XCBuildConfiguration;
			buildSettings = {
				ALWAYS_EMBED_SWIFT_STANDARD_LIBRARIES = YES;
				INFOPLIST_FILE = BadgerClientUITests/Info.plist;
				LD_RUNPATH_SEARCH_PATHS = "$(inherited) @executable_path/Frameworks @loader_path/Frameworks";
				PRODUCT_BUNDLE_IDENTIFIER = com.dd.BadgerClientUITests;
				PRODUCT_NAME = "$(TARGET_NAME)";
				SWIFT_VERSION = 3.0;
				TEST_TARGET_NAME = BadgerClient;
			};
			name = Release;
		};
/* End XCBuildConfiguration section */

/* Begin XCConfigurationList section */
		54D181311EBAF25100330767 /* Build configuration list for PBXProject "BadgerClient" */ = {
			isa = XCConfigurationList;
			buildConfigurations = (
				54D1815C1EBAF25100330767 /* Debug */,
				54D1815D1EBAF25100330767 /* Release */,
			);
			defaultConfigurationIsVisible = 0;
			defaultConfigurationName = Release;
		};
		54D1815E1EBAF25100330767 /* Build configuration list for PBXNativeTarget "BadgerClient" */ = {
			isa = XCConfigurationList;
			buildConfigurations = (
				54D1815F1EBAF25100330767 /* Debug */,
				54D181601EBAF25100330767 /* Release */,
			);
			defaultConfigurationIsVisible = 0;
			defaultConfigurationName = Release;
		};
		54D181611EBAF25100330767 /* Build configuration list for PBXNativeTarget "BadgerClientTests" */ = {
			isa = XCConfigurationList;
			buildConfigurations = (
				54D181621EBAF25100330767 /* Debug */,
				54D181631EBAF25100330767 /* Release */,
			);
			defaultConfigurationIsVisible = 0;
			defaultConfigurationName = Release;
		};
		54D181641EBAF25100330767 /* Build configuration list for PBXNativeTarget "BadgerClientUITests" */ = {
			isa = XCConfigurationList;
			buildConfigurations = (
				54D181651EBAF25100330767 /* Debug */,
				54D181661EBAF25100330767 /* Release */,
			);
			defaultConfigurationIsVisible = 0;
			defaultConfigurationName = Release;
		};
/* End XCConfigurationList section */
	};
	rootObject = 54D1812E1EBAF25100330767 /* Project object */;
}
